
Microsoft Visual Studio Solution File, Format Version 12.00
# Visual Studio 15
VisualStudioVersion = 15.0.28307.1267
MinimumVisualStudioVersion = 10.0.40219.1
Project("{FAE04EC0-301F-11D3-BF4B-00C04F79EFBC}") = "pharmacay managemnent system", "pharmacay managemnent system\pharmacay managemnent system.csproj", "{FC9112D8-B2DE-40A4-B2EC-B791ADD057F9}"
EndProject
Global
	GlobalSection(SolutionConfigurationPlatforms) = preSolution
		Debug|Any CPU = Debug|Any CPU
		Release|Any CPU = Release|Any CPU
	EndGlobalSection
	GlobalSection(ProjectConfigurationPlatforms) = postSolution
		{FC9112D8-B2DE-40A4-B2EC-B791ADD057F9}.Debug|Any CPU.ActiveCfg = Debug|Any CPU
		{FC9112D8-B2DE-40A4-B2EC-B791ADD057F9}.Debug|Any CPU.Build.0 = Debug|Any CPU
		{FC9112D8-B2DE-40A4-B2EC-B791ADD057F9}.Release|Any CPU.ActiveCfg = Release|Any CPU
		{FC9112D8-B2DE-40A4-B2EC-B791ADD057F9}.Release|Any CPU.Build.0 = Release|Any CPU
	EndGlobalSection
	GlobalSection(SolutionProperties) = preSolution
		HideSolutionNode = FALSE
	EndGlobalSection
	GlobalSection(ExtensibilityGlobals) = postSolution
		SolutionGuid = {E1B302A7-CC16-46EC-BBEE-5D155F754CEA}
	EndGlobalSection
EndGlobal
